
Microsoft Visual Studio Solution File, Format Version 12.00
# Visual Studio 2012
Project("{FAE04EC0-301F-11D3-BF4B-00C04F79EFBC}") = "Platformer2D", "Platformer2D\Platforms\iOS\Platformer2D.csproj", "{DEC435F4-9E84-490B-9890-72E5F514B8D0}"
EndProject
Project("{FAE04EC0-301F-11D3-BF4B-00C04F79EFBC}") = "NeonShooter", "NeonShooter\NeonShooter.csproj", "{5F8EDAA6-5D30-4CDE-BB7F-6CDDBF4E23E6}"
EndProject
Project("{FAE04EC0-301F-11D3-BF4B-00C04F79EFBC}") = "NeonShooter.MacOS", "NeonShooterMac\NeonShooter.MacOS.csproj", "{3A23AA06-840E-4419-9CA5-6CA6A633EB1F}"
EndProject
Project("{FAE04EC0-301F-11D3-BF4B-00C04F79EFBC}") = "NeonShooter.OpenGL", "NoenShooter.OpenGL\NeonShooter.OpenGL.csproj", "{6016AA5F-25DA-4336-ACCC-11B7629AC2A3}"
EndProject
Project("{9344BDBB-3E7F-41FC-A0DD-8665D75EE146}") = "MonoGame.Framework.iOS", "..\MonoGame\MonoGame.Framework\MonoGame.Framework.iOS.csproj", "{4B31FF16-27D3-47AE-85F9-7A57B6B75F3C}"
EndProject
Project("{FAE04EC0-301F-11D3-BF4B-00C04F79EFBC}") = "RenderToTexture.OpenGL", "RenderToTexture\RenderToTexture.OpenGL\RenderToTexture.OpenGL.csproj", "{D44FD3BD-2FDE-4475-A2FF-C33D61DEA134}"
EndProject
Global
	GlobalSection(SolutionConfigurationPlatforms) = preSolution
		Debug|Any CPU = Debug|Any CPU
		Debug|iPhone = Debug|iPhone
		Debug|iPhoneSimulator = Debug|iPhoneSimulator
		Debug|Mixed Platforms = Debug|Mixed Platforms
		Release|Any CPU = Release|Any CPU
		Release|iPhone = Release|iPhone
		Release|iPhoneSimulator = Release|iPhoneSimulator
		Release|Mixed Platforms = Release|Mixed Platforms
		Ad-Hoc|iPhone = Ad-Hoc|iPhone
		AppStore|iPhone = AppStore|iPhone
		Debug|x86 = Debug|x86
		Release|x86 = Release|x86
	EndGlobalSection
	GlobalSection(ProjectConfigurationPlatforms) = postSolution
		{DEC435F4-9E84-490B-9890-72E5F514B8D0}.Debug|Any CPU.ActiveCfg = Debug|Any CPU
		{DEC435F4-9E84-490B-9890-72E5F514B8D0}.Debug|Any CPU.Build.0 = Debug|Any CPU
		{DEC435F4-9E84-490B-9890-72E5F514B8D0}.Debug|iPhone.ActiveCfg = Debug|iPhone
		{DEC435F4-9E84-490B-9890-72E5F514B8D0}.Debug|iPhone.Build.0 = Debug|iPhone
		{DEC435F4-9E84-490B-9890-72E5F514B8D0}.Debug|iPhoneSimulator.ActiveCfg = Debug|iPhoneSimulator
		{DEC435F4-9E84-490B-9890-72E5F514B8D0}.Debug|iPhoneSimulator.Build.0 = Debug|iPhoneSimulator
		{DEC435F4-9E84-490B-9890-72E5F514B8D0}.Debug|Mixed Platforms.ActiveCfg = Debug|Any CPU
		{DEC435F4-9E84-490B-9890-72E5F514B8D0}.Debug|Mixed Platforms.Build.0 = Debug|Any CPU
		{DEC435F4-9E84-490B-9890-72E5F514B8D0}.Release|Any CPU.ActiveCfg = Release|Any CPU
		{DEC435F4-9E84-490B-9890-72E5F514B8D0}.Release|Any CPU.Build.0 = Release|Any CPU
		{DEC435F4-9E84-490B-9890-72E5F514B8D0}.Release|iPhone.ActiveCfg = Release|iPhone
		{DEC435F4-9E84-490B-9890-72E5F514B8D0}.Release|iPhone.Build.0 = Release|iPhone
		{DEC435F4-9E84-490B-9890-72E5F514B8D0}.Release|iPhoneSimulator.ActiveCfg = Release|iPhoneSimulator
		{DEC435F4-9E84-490B-9890-72E5F514B8D0}.Release|iPhoneSimulator.Build.0 = Release|iPhoneSimulator
		{DEC435F4-9E84-490B-9890-72E5F514B8D0}.Release|Mixed Platforms.ActiveCfg = Release|Any CPU
		{DEC435F4-9E84-490B-9890-72E5F514B8D0}.Release|Mixed Platforms.Build.0 = Release|Any CPU
		{DEC435F4-9E84-490B-9890-72E5F514B8D0}.Ad-Hoc|iPhone.ActiveCfg = Debug|iPhone
		{DEC435F4-9E84-490B-9890-72E5F514B8D0}.Ad-Hoc|iPhone.Build.0 = Debug|iPhone
		{DEC435F4-9E84-490B-9890-72E5F514B8D0}.AppStore|iPhone.ActiveCfg = Debug|iPhone
		{DEC435F4-9E84-490B-9890-72E5F514B8D0}.AppStore|iPhone.Build.0 = Debug|iPhone
		{DEC435F4-9E84-490B-9890-72E5F514B8D0}.Debug|x86.ActiveCfg = Debug|Any CPU
		{DEC435F4-9E84-490B-9890-72E5F514B8D0}.Debug|x86.Build.0 = Debug|Any CPU
		{DEC435F4-9E84-490B-9890-72E5F514B8D0}.Release|x86.ActiveCfg = Release|Any CPU
		{DEC435F4-9E84-490B-9890-72E5F514B8D0}.Release|x86.Build.0 = Release|Any CPU
		{5F8EDAA6-5D30-4CDE-BB7F-6CDDBF4E23E6}.Debug|Any CPU.ActiveCfg = Debug|iPhoneSimulator
		{5F8EDAA6-5D30-4CDE-BB7F-6CDDBF4E23E6}.Debug|Any CPU.Build.0 = Debug|iPhoneSimulator
		{5F8EDAA6-5D30-4CDE-BB7F-6CDDBF4E23E6}.Debug|iPhone.ActiveCfg = Debug|iPhone
		{5F8EDAA6-5D30-4CDE-BB7F-6CDDBF4E23E6}.Debug|iPhone.Build.0 = Debug|iPhone
		{5F8EDAA6-5D30-4CDE-BB7F-6CDDBF4E23E6}.Debug|iPhoneSimulator.ActiveCfg = Debug|iPhoneSimulator
		{5F8EDAA6-5D30-4CDE-BB7F-6CDDBF4E23E6}.Debug|iPhoneSimulator.Build.0 = Debug|iPhoneSimulator
		{5F8EDAA6-5D30-4CDE-BB7F-6CDDBF4E23E6}.Debug|Mixed Platforms.ActiveCfg = Debug|iPhoneSimulator
		{5F8EDAA6-5D30-4CDE-BB7F-6CDDBF4E23E6}.Debug|Mixed Platforms.Build.0 = Debug|iPhoneSimulator
		{5F8EDAA6-5D30-4CDE-BB7F-6CDDBF4E23E6}.Release|Any CPU.ActiveCfg = Release|iPhone
		{5F8EDAA6-5D30-4CDE-BB7F-6CDDBF4E23E6}.Release|Any CPU.Build.0 = Release|iPhone
		{5F8EDAA6-5D30-4CDE-BB7F-6CDDBF4E23E6}.Release|iPhone.ActiveCfg = Release|iPhone
		{5F8EDAA6-5D30-4CDE-BB7F-6CDDBF4E23E6}.Release|iPhone.Build.0 = Release|iPhone
		{5F8EDAA6-5D30-4CDE-BB7F-6CDDBF4E23E6}.Release|iPhoneSimulator.ActiveCfg = Release|iPhoneSimulator
		{5F8EDAA6-5D30-4CDE-BB7F-6CDDBF4E23E6}.Release|iPhoneSimulator.Build.0 = Release|iPhoneSimulator
		{5F8EDAA6-5D30-4CDE-BB7F-6CDDBF4E23E6}.Release|Mixed Platforms.ActiveCfg = Release|iPhone
		{5F8EDAA6-5D30-4CDE-BB7F-6CDDBF4E23E6}.Release|Mixed Platforms.Build.0 = Release|iPhone
		{5F8EDAA6-5D30-4CDE-BB7F-6CDDBF4E23E6}.Ad-Hoc|iPhone.ActiveCfg = Debug|iPhone
		{5F8EDAA6-5D30-4CDE-BB7F-6CDDBF4E23E6}.Ad-Hoc|iPhone.Build.0 = Debug|iPhone
		{5F8EDAA6-5D30-4CDE-BB7F-6CDDBF4E23E6}.AppStore|iPhone.ActiveCfg = Debug|iPhone
		{5F8EDAA6-5D30-4CDE-BB7F-6CDDBF4E23E6}.AppStore|iPhone.Build.0 = Debug|iPhone
		{5F8EDAA6-5D30-4CDE-BB7F-6CDDBF4E23E6}.Debug|x86.ActiveCfg = Debug|iPhoneSimulator
		{5F8EDAA6-5D30-4CDE-BB7F-6CDDBF4E23E6}.Debug|x86.Build.0 = Debug|iPhoneSimulator
		{5F8EDAA6-5D30-4CDE-BB7F-6CDDBF4E23E6}.Release|x86.ActiveCfg = Release|iPhone
		{5F8EDAA6-5D30-4CDE-BB7F-6CDDBF4E23E6}.Release|x86.Build.0 = Release|iPhone
		{3A23AA06-840E-4419-9CA5-6CA6A633EB1F}.Debug|Any CPU.ActiveCfg = Debug|x86
		{3A23AA06-840E-4419-9CA5-6CA6A633EB1F}.Debug|Any CPU.Build.0 = Debug|x86
		{3A23AA06-840E-4419-9CA5-6CA6A633EB1F}.Debug|iPhone.ActiveCfg = Debug|x86
		{3A23AA06-840E-4419-9CA5-6CA6A633EB1F}.Debug|iPhone.Build.0 = Debug|x86
		{3A23AA06-840E-4419-9CA5-6CA6A633EB1F}.Debug|iPhoneSimulator.ActiveCfg = Debug|x86
		{3A23AA06-840E-4419-9CA5-6CA6A633EB1F}.Debug|iPhoneSimulator.Build.0 = Debug|x86
		{3A23AA06-840E-4419-9CA5-6CA6A633EB1F}.Debug|Mixed Platforms.ActiveCfg = Debug|x86
		{3A23AA06-840E-4419-9CA5-6CA6A633EB1F}.Debug|Mixed Platforms.Build.0 = Debug|x86
		{3A23AA06-840E-4419-9CA5-6CA6A633EB1F}.Release|Any CPU.ActiveCfg = Release|x86
		{3A23AA06-840E-4419-9CA5-6CA6A633EB1F}.Release|Any CPU.Build.0 = Release|x86
		{3A23AA06-840E-4419-9CA5-6CA6A633EB1F}.Release|iPhone.ActiveCfg = Release|x86
		{3A23AA06-840E-4419-9CA5-6CA6A633EB1F}.Release|iPhone.Build.0 = Release|x86
		{3A23AA06-840E-4419-9CA5-6CA6A633EB1F}.Release|iPhoneSimulator.ActiveCfg = Release|x86
		{3A23AA06-840E-4419-9CA5-6CA6A633EB1F}.Release|iPhoneSimulator.Build.0 = Release|x86
		{3A23AA06-840E-4419-9CA5-6CA6A633EB1F}.Release|Mixed Platforms.ActiveCfg = Release|x86
		{3A23AA06-840E-4419-9CA5-6CA6A633EB1F}.Release|Mixed Platforms.Build.0 = Release|x86
		{3A23AA06-840E-4419-9CA5-6CA6A633EB1F}.Ad-Hoc|iPhone.ActiveCfg = Debug|x86
		{3A23AA06-840E-4419-9CA5-6CA6A633EB1F}.Ad-Hoc|iPhone.Build.0 = Debug|x86
		{3A23AA06-840E-4419-9CA5-6CA6A633EB1F}.AppStore|iPhone.ActiveCfg = Debug|x86
		{3A23AA06-840E-4419-9CA5-6CA6A633EB1F}.AppStore|iPhone.Build.0 = Debug|x86
		{3A23AA06-840E-4419-9CA5-6CA6A633EB1F}.Debug|x86.ActiveCfg = Debug|x86
		{3A23AA06-840E-4419-9CA5-6CA6A633EB1F}.Debug|x86.Build.0 = Debug|x86
		{3A23AA06-840E-4419-9CA5-6CA6A633EB1F}.Release|x86.ActiveCfg = Release|x86
		{3A23AA06-840E-4419-9CA5-6CA6A633EB1F}.Release|x86.Build.0 = Release|x86
		{6016AA5F-25DA-4336-ACCC-11B7629AC2A3}.Debug|Any CPU.ActiveCfg = Debug|Any CPU
		{6016AA5F-25DA-4336-ACCC-11B7629AC2A3}.Debug|Any CPU.Build.0 = Debug|Any CPU
		{6016AA5F-25DA-4336-ACCC-11B7629AC2A3}.Debug|iPhone.ActiveCfg = Debug|Any CPU
		{6016AA5F-25DA-4336-ACCC-11B7629AC2A3}.Debug|iPhone.Build.0 = Debug|Any CPU
		{6016AA5F-25DA-4336-ACCC-11B7629AC2A3}.Debug|iPhoneSimulator.ActiveCfg = Debug|Any CPU
		{6016AA5F-25DA-4336-ACCC-11B7629AC2A3}.Debug|iPhoneSimulator.Build.0 = Debug|Any CPU
		{6016AA5F-25DA-4336-ACCC-11B7629AC2A3}.Debug|Mixed Platforms.ActiveCfg = Debug|Any CPU
		{6016AA5F-25DA-4336-ACCC-11B7629AC2A3}.Debug|Mixed Platforms.Build.0 = Debug|Any CPU
		{6016AA5F-25DA-4336-ACCC-11B7629AC2A3}.Release|Any CPU.ActiveCfg = Release|Any CPU
		{6016AA5F-25DA-4336-ACCC-11B7629AC2A3}.Release|Any CPU.Build.0 = Release|Any CPU
		{6016AA5F-25DA-4336-ACCC-11B7629AC2A3}.Release|iPhone.ActiveCfg = Release|Any CPU
		{6016AA5F-25DA-4336-ACCC-11B7629AC2A3}.Release|iPhone.Build.0 = Release|Any CPU
		{6016AA5F-25DA-4336-ACCC-11B7629AC2A3}.Release|iPhoneSimulator.ActiveCfg = Release|Any CPU
		{6016AA5F-25DA-4336-ACCC-11B7629AC2A3}.Release|iPhoneSimulator.Build.0 = Release|Any CPU
		{6016AA5F-25DA-4336-ACCC-11B7629AC2A3}.Release|Mixed Platforms.ActiveCfg = Release|Any CPU
		{6016AA5F-25DA-4336-ACCC-11B7629AC2A3}.Release|Mixed Platforms.Build.0 = Release|Any CPU
		{6016AA5F-25DA-4336-ACCC-11B7629AC2A3}.Ad-Hoc|iPhone.ActiveCfg = Debug|Any CPU
		{6016AA5F-25DA-4336-ACCC-11B7629AC2A3}.Ad-Hoc|iPhone.Build.0 = Debug|Any CPU
		{6016AA5F-25DA-4336-ACCC-11B7629AC2A3}.AppStore|iPhone.ActiveCfg = Debug|Any CPU
		{6016AA5F-25DA-4336-ACCC-11B7629AC2A3}.AppStore|iPhone.Build.0 = Debug|Any CPU
		{6016AA5F-25DA-4336-ACCC-11B7629AC2A3}.Debug|x86.ActiveCfg = Debug|Any CPU
		{6016AA5F-25DA-4336-ACCC-11B7629AC2A3}.Debug|x86.Build.0 = Debug|Any CPU
		{6016AA5F-25DA-4336-ACCC-11B7629AC2A3}.Release|x86.ActiveCfg = Release|Any CPU
		{6016AA5F-25DA-4336-ACCC-11B7629AC2A3}.Release|x86.Build.0 = Release|Any CPU
		{4B31FF16-27D3-47AE-85F9-7A57B6B75F3C}.Debug|Any CPU.ActiveCfg = Debug|iPhone
		{4B31FF16-27D3-47AE-85F9-7A57B6B75F3C}.Debug|Any CPU.Build.0 = Debug|iPhone
		{4B31FF16-27D3-47AE-85F9-7A57B6B75F3C}.Debug|iPhone.ActiveCfg = Debug|iPhone
		{4B31FF16-27D3-47AE-85F9-7A57B6B75F3C}.Debug|iPhone.Build.0 = Debug|iPhone
		{4B31FF16-27D3-47AE-85F9-7A57B6B75F3C}.Debug|iPhoneSimulator.ActiveCfg = Debug|iPhoneSimulator
		{4B31FF16-27D3-47AE-85F9-7A57B6B75F3C}.Debug|iPhoneSimulator.Build.0 = Debug|iPhoneSimulator
		{4B31FF16-27D3-47AE-85F9-7A57B6B75F3C}.Debug|Mixed Platforms.ActiveCfg = Debug|iPhone
		{4B31FF16-27D3-47AE-85F9-7A57B6B75F3C}.Debug|Mixed Platforms.Build.0 = Debug|iPhone
		{4B31FF16-27D3-47AE-85F9-7A57B6B75F3C}.Release|Any CPU.ActiveCfg = Release|iPhone
		{4B31FF16-27D3-47AE-85F9-7A57B6B75F3C}.Release|Any CPU.Build.0 = Release|iPhone
		{4B31FF16-27D3-47AE-85F9-7A57B6B75F3C}.Release|iPhone.ActiveCfg = Release|iPhone
		{4B31FF16-27D3-47AE-85F9-7A57B6B75F3C}.Release|iPhone.Build.0 = Release|iPhone
		{4B31FF16-27D3-47AE-85F9-7A57B6B75F3C}.Release|iPhoneSimulator.ActiveCfg = Release|iPhoneSimulator
		{4B31FF16-27D3-47AE-85F9-7A57B6B75F3C}.Release|iPhoneSimulator.Build.0 = Release|iPhoneSimulator
		{4B31FF16-27D3-47AE-85F9-7A57B6B75F3C}.Release|Mixed Platforms.ActiveCfg = Release|iPhone
		{4B31FF16-27D3-47AE-85F9-7A57B6B75F3C}.Release|Mixed Platforms.Build.0 = Release|iPhone
		{4B31FF16-27D3-47AE-85F9-7A57B6B75F3C}.Ad-Hoc|iPhone.ActiveCfg = Ad-Hoc|iPhone
		{4B31FF16-27D3-47AE-85F9-7A57B6B75F3C}.Ad-Hoc|iPhone.Build.0 = Ad-Hoc|iPhone
		{4B31FF16-27D3-47AE-85F9-7A57B6B75F3C}.AppStore|iPhone.ActiveCfg = AppStore|iPhone
		{4B31FF16-27D3-47AE-85F9-7A57B6B75F3C}.AppStore|iPhone.Build.0 = AppStore|iPhone
		{4B31FF16-27D3-47AE-85F9-7A57B6B75F3C}.Debug|x86.ActiveCfg = Debug|Any CPU
		{4B31FF16-27D3-47AE-85F9-7A57B6B75F3C}.Release|x86.ActiveCfg = Release|Any CPU
		{D44FD3BD-2FDE-4475-A2FF-C33D61DEA134}.Debug|Any CPU.ActiveCfg = Debug|Any CPU
		{D44FD3BD-2FDE-4475-A2FF-C33D61DEA134}.Debug|Any CPU.Build.0 = Debug|Any CPU
		{D44FD3BD-2FDE-4475-A2FF-C33D61DEA134}.Debug|iPhone.ActiveCfg = Debug|Any CPU
		{D44FD3BD-2FDE-4475-A2FF-C33D61DEA134}.Debug|iPhone.Build.0 = Debug|Any CPU
		{D44FD3BD-2FDE-4475-A2FF-C33D61DEA134}.Debug|iPhoneSimulator.ActiveCfg = Debug|Any CPU
		{D44FD3BD-2FDE-4475-A2FF-C33D61DEA134}.Debug|iPhoneSimulator.Build.0 = Debug|Any CPU
		{D44FD3BD-2FDE-4475-A2FF-C33D61DEA134}.Debug|Mixed Platforms.ActiveCfg = Debug|Any CPU
		{D44FD3BD-2FDE-4475-A2FF-C33D61DEA134}.Debug|Mixed Platforms.Build.0 = Debug|Any CPU
		{D44FD3BD-2FDE-4475-A2FF-C33D61DEA134}.Release|Any CPU.ActiveCfg = Release|Any CPU
		{D44FD3BD-2FDE-4475-A2FF-C33D61DEA134}.Release|Any CPU.Build.0 = Release|Any CPU
		{D44FD3BD-2FDE-4475-A2FF-C33D61DEA134}.Release|iPhone.ActiveCfg = Release|Any CPU
		{D44FD3BD-2FDE-4475-A2FF-C33D61DEA134}.Release|iPhone.Build.0 = Release|Any CPU
		{D44FD3BD-2FDE-4475-A2FF-C33D61DEA134}.Release|iPhoneSimulator.ActiveCfg = Release|Any CPU
		{D44FD3BD-2FDE-4475-A2FF-C33D61DEA134}.Release|iPhoneSimulator.Build.0 = Release|Any CPU
		{D44FD3BD-2FDE-4475-A2FF-C33D61DEA134}.Release|Mixed Platforms.ActiveCfg = Release|Any CPU
		{D44FD3BD-2FDE-4475-A2FF-C33D61DEA134}.Release|Mixed Platforms.Build.0 = Release|Any CPU
		{D44FD3BD-2FDE-4475-A2FF-C33D61DEA134}.Ad-Hoc|iPhone.ActiveCfg = Debug|Any CPU
		{D44FD3BD-2FDE-4475-A2FF-C33D61DEA134}.Ad-Hoc|iPhone.Build.0 = Debug|Any CPU
		{D44FD3BD-2FDE-4475-A2FF-C33D61DEA134}.AppStore|iPhone.ActiveCfg = Debug|Any CPU
		{D44FD3BD-2FDE-4475-A2FF-C33D61DEA134}.AppStore|iPhone.Build.0 = Debug|Any CPU
		{D44FD3BD-2FDE-4475-A2FF-C33D61DEA134}.Debug|x86.ActiveCfg = Debug|Any CPU
		{D44FD3BD-2FDE-4475-A2FF-C33D61DEA134}.Debug|x86.Build.0 = Debug|Any CPU
		{D44FD3BD-2FDE-4475-A2FF-C33D61DEA134}.Release|x86.ActiveCfg = Release|Any CPU
		{D44FD3BD-2FDE-4475-A2FF-C33D61DEA134}.Release|x86.Build.0 = Release|Any CPU
	EndGlobalSection
	GlobalSection(SolutionProperties) = preSolution
		HideSolutionNode = FALSE
	EndGlobalSection
EndGlobal
