
Microsoft Visual Studio Solution File, Format Version 12.00
# Visual Studio 2012
Project("{FAE04EC0-301F-11D3-BF4B-00C04F79EFBC}") = "Platformer2D", "Platformer2D\Platforms\iOS\Platformer2D.csproj", "{DEC435F4-9E84-490B-9890-72E5F514B8D0}"
EndProject
Project("{FAE04EC0-301F-11D3-BF4B-00C04F79EFBC}") = "MonoGame.Framework.iOS", "..\MonoGame\MonoGame.Framework\MonoGame.Framework.iOS.csproj", "{DB8508BB-9849-4CC2-BC0F-8EB5DACB3C47}"
EndProject
Project("{FAE04EC0-301F-11D3-BF4B-00C04F79EFBC}") = "NeonShooter", "NeonShooter\NeonShooter.csproj", "{5F8EDAA6-5D30-4CDE-BB7F-6CDDBF4E23E6}"
EndProject
Global
	GlobalSection(SolutionConfigurationPlatforms) = preSolution
		Debug|Any CPU = Debug|Any CPU
		Debug|iPhone = Debug|iPhone
		Debug|iPhoneSimulator = Debug|iPhoneSimulator
		Debug|Mixed Platforms = Debug|Mixed Platforms
		Release|Any CPU = Release|Any CPU
		Release|iPhone = Release|iPhone
		Release|iPhoneSimulator = Release|iPhoneSimulator
		Release|Mixed Platforms = Release|Mixed Platforms
		Ad-Hoc|iPhone = Ad-Hoc|iPhone
		AppStore|iPhone = AppStore|iPhone
	EndGlobalSection
	GlobalSection(ProjectConfigurationPlatforms) = postSolution
		{DEC435F4-9E84-490B-9890-72E5F514B8D0}.Debug|Any CPU.ActiveCfg = Debug|Any CPU
		{DEC435F4-9E84-490B-9890-72E5F514B8D0}.Debug|Any CPU.Build.0 = Debug|Any CPU
		{DEC435F4-9E84-490B-9890-72E5F514B8D0}.Debug|iPhone.ActiveCfg = Debug|iPhone
		{DEC435F4-9E84-490B-9890-72E5F514B8D0}.Debug|iPhone.Build.0 = Debug|iPhone
		{DEC435F4-9E84-490B-9890-72E5F514B8D0}.Debug|iPhoneSimulator.ActiveCfg = Debug|iPhoneSimulator
		{DEC435F4-9E84-490B-9890-72E5F514B8D0}.Debug|iPhoneSimulator.Build.0 = Debug|iPhoneSimulator
		{DEC435F4-9E84-490B-9890-72E5F514B8D0}.Debug|Mixed Platforms.ActiveCfg = Debug|Any CPU
		{DEC435F4-9E84-490B-9890-72E5F514B8D0}.Debug|Mixed Platforms.Build.0 = Debug|Any CPU
		{DEC435F4-9E84-490B-9890-72E5F514B8D0}.Release|Any CPU.ActiveCfg = Release|Any CPU
		{DEC435F4-9E84-490B-9890-72E5F514B8D0}.Release|Any CPU.Build.0 = Release|Any CPU
		{DEC435F4-9E84-490B-9890-72E5F514B8D0}.Release|iPhone.ActiveCfg = Release|iPhone
		{DEC435F4-9E84-490B-9890-72E5F514B8D0}.Release|iPhone.Build.0 = Release|iPhone
		{DEC435F4-9E84-490B-9890-72E5F514B8D0}.Release|iPhoneSimulator.ActiveCfg = Release|iPhoneSimulator
		{DEC435F4-9E84-490B-9890-72E5F514B8D0}.Release|iPhoneSimulator.Build.0 = Release|iPhoneSimulator
		{DEC435F4-9E84-490B-9890-72E5F514B8D0}.Release|Mixed Platforms.ActiveCfg = Release|Any CPU
		{DEC435F4-9E84-490B-9890-72E5F514B8D0}.Release|Mixed Platforms.Build.0 = Release|Any CPU
		{DEC435F4-9E84-490B-9890-72E5F514B8D0}.Ad-Hoc|iPhone.ActiveCfg = Debug|iPhone
		{DEC435F4-9E84-490B-9890-72E5F514B8D0}.Ad-Hoc|iPhone.Build.0 = Debug|iPhone
		{DEC435F4-9E84-490B-9890-72E5F514B8D0}.AppStore|iPhone.ActiveCfg = Debug|iPhone
		{DEC435F4-9E84-490B-9890-72E5F514B8D0}.AppStore|iPhone.Build.0 = Debug|iPhone
		{DB8508BB-9849-4CC2-BC0F-8EB5DACB3C47}.Debug|Any CPU.ActiveCfg = Debug|iPhone
		{DB8508BB-9849-4CC2-BC0F-8EB5DACB3C47}.Debug|Any CPU.Build.0 = Debug|iPhone
		{DB8508BB-9849-4CC2-BC0F-8EB5DACB3C47}.Debug|iPhone.ActiveCfg = Debug|iPhone
		{DB8508BB-9849-4CC2-BC0F-8EB5DACB3C47}.Debug|iPhone.Build.0 = Debug|iPhone
		{DB8508BB-9849-4CC2-BC0F-8EB5DACB3C47}.Debug|iPhoneSimulator.ActiveCfg = Debug|iPhoneSimulator
		{DB8508BB-9849-4CC2-BC0F-8EB5DACB3C47}.Debug|iPhoneSimulator.Build.0 = Debug|iPhoneSimulator
		{DB8508BB-9849-4CC2-BC0F-8EB5DACB3C47}.Debug|Mixed Platforms.ActiveCfg = Debug|iPhone
		{DB8508BB-9849-4CC2-BC0F-8EB5DACB3C47}.Debug|Mixed Platforms.Build.0 = Debug|iPhone
		{DB8508BB-9849-4CC2-BC0F-8EB5DACB3C47}.Release|Any CPU.ActiveCfg = Release|iPhone
		{DB8508BB-9849-4CC2-BC0F-8EB5DACB3C47}.Release|Any CPU.Build.0 = Release|iPhone
		{DB8508BB-9849-4CC2-BC0F-8EB5DACB3C47}.Release|iPhone.ActiveCfg = Release|iPhone
		{DB8508BB-9849-4CC2-BC0F-8EB5DACB3C47}.Release|iPhone.Build.0 = Release|iPhone
		{DB8508BB-9849-4CC2-BC0F-8EB5DACB3C47}.Release|iPhoneSimulator.ActiveCfg = Release|iPhoneSimulator
		{DB8508BB-9849-4CC2-BC0F-8EB5DACB3C47}.Release|iPhoneSimulator.Build.0 = Release|iPhoneSimulator
		{DB8508BB-9849-4CC2-BC0F-8EB5DACB3C47}.Release|Mixed Platforms.ActiveCfg = Release|iPhone
		{DB8508BB-9849-4CC2-BC0F-8EB5DACB3C47}.Release|Mixed Platforms.Build.0 = Release|iPhone
		{DB8508BB-9849-4CC2-BC0F-8EB5DACB3C47}.Ad-Hoc|iPhone.ActiveCfg = Ad-Hoc|iPhone
		{DB8508BB-9849-4CC2-BC0F-8EB5DACB3C47}.Ad-Hoc|iPhone.Build.0 = Ad-Hoc|iPhone
		{DB8508BB-9849-4CC2-BC0F-8EB5DACB3C47}.AppStore|iPhone.ActiveCfg = AppStore|iPhone
		{DB8508BB-9849-4CC2-BC0F-8EB5DACB3C47}.AppStore|iPhone.Build.0 = AppStore|iPhone
		{5F8EDAA6-5D30-4CDE-BB7F-6CDDBF4E23E6}.Debug|Any CPU.ActiveCfg = Debug|iPhoneSimulator
		{5F8EDAA6-5D30-4CDE-BB7F-6CDDBF4E23E6}.Debug|Any CPU.Build.0 = Debug|iPhoneSimulator
		{5F8EDAA6-5D30-4CDE-BB7F-6CDDBF4E23E6}.Debug|iPhone.ActiveCfg = Debug|iPhone
		{5F8EDAA6-5D30-4CDE-BB7F-6CDDBF4E23E6}.Debug|iPhone.Build.0 = Debug|iPhone
		{5F8EDAA6-5D30-4CDE-BB7F-6CDDBF4E23E6}.Debug|iPhoneSimulator.ActiveCfg = Debug|iPhoneSimulator
		{5F8EDAA6-5D30-4CDE-BB7F-6CDDBF4E23E6}.Debug|iPhoneSimulator.Build.0 = Debug|iPhoneSimulator
		{5F8EDAA6-5D30-4CDE-BB7F-6CDDBF4E23E6}.Debug|Mixed Platforms.ActiveCfg = Debug|iPhoneSimulator
		{5F8EDAA6-5D30-4CDE-BB7F-6CDDBF4E23E6}.Debug|Mixed Platforms.Build.0 = Debug|iPhoneSimulator
		{5F8EDAA6-5D30-4CDE-BB7F-6CDDBF4E23E6}.Release|Any CPU.ActiveCfg = Release|iPhone
		{5F8EDAA6-5D30-4CDE-BB7F-6CDDBF4E23E6}.Release|Any CPU.Build.0 = Release|iPhone
		{5F8EDAA6-5D30-4CDE-BB7F-6CDDBF4E23E6}.Release|iPhone.ActiveCfg = Release|iPhone
		{5F8EDAA6-5D30-4CDE-BB7F-6CDDBF4E23E6}.Release|iPhone.Build.0 = Release|iPhone
		{5F8EDAA6-5D30-4CDE-BB7F-6CDDBF4E23E6}.Release|iPhoneSimulator.ActiveCfg = Release|iPhoneSimulator
		{5F8EDAA6-5D30-4CDE-BB7F-6CDDBF4E23E6}.Release|iPhoneSimulator.Build.0 = Release|iPhoneSimulator
		{5F8EDAA6-5D30-4CDE-BB7F-6CDDBF4E23E6}.Release|Mixed Platforms.ActiveCfg = Release|iPhone
		{5F8EDAA6-5D30-4CDE-BB7F-6CDDBF4E23E6}.Release|Mixed Platforms.Build.0 = Release|iPhone
		{5F8EDAA6-5D30-4CDE-BB7F-6CDDBF4E23E6}.Ad-Hoc|iPhone.ActiveCfg = Debug|iPhone
		{5F8EDAA6-5D30-4CDE-BB7F-6CDDBF4E23E6}.Ad-Hoc|iPhone.Build.0 = Debug|iPhone
		{5F8EDAA6-5D30-4CDE-BB7F-6CDDBF4E23E6}.AppStore|iPhone.ActiveCfg = Debug|iPhone
		{5F8EDAA6-5D30-4CDE-BB7F-6CDDBF4E23E6}.AppStore|iPhone.Build.0 = Debug|iPhone
	EndGlobalSection
	GlobalSection(SolutionProperties) = preSolution
		HideSolutionNode = FALSE
	EndGlobalSection
EndGlobal
